{
  "name": "@argszero/cordis-plugin-session-event-guard",
  "version": "0.2.0",
  "lockfileVersion": 3,
  "requires": true,
  "packages": {
    "": {
      "name": "@argszero/cordis-plugin-session-event-guard",
      "version": "0.2.0",
      "license": "MIT",
      "devDependencies": {
        "@deepseek-ai/cordis": "^4.0.2",
        "@deepseek-ai/dsh-scope": "0.1.7-rc.2",
        "@deepseek-ai/dsh-session": "0.1.7-rc.2",
        "@deepseek-ai/dsh-session-format-v3-to-v4": "0.1.7-rc.2",
        "@deepseek-ai/dsh-session-persistence": "0.1.7-rc.2",
        "@deepseek-ai/dsh-session-persistence-jsonl": "0.1.7-rc.2",
        "@deepseek-ai/dsh-system-prompt": "0.1.7-rc.2",
        "@deepseek-ai/dsh-tools": "0.1.7-rc.2",
        "@types/node": "^24.19.0",
        "semver": "^7.6.0",
        "typescript": "^5.9.3"
      },
      "engines": {
        "node": "^22.19 || >=24"
      },
      "peerDependencies": {
        "@deepseek-ai/cordis": "^4.0.2",
        "@deepseek-ai/dsh-session": ">=0.1.7-alpha.1 <0.2.0 || >=0.2.0-rc.1 <0.2.0",
        "@deepseek-ai/dsh-session-persistence": ">=0.1.7-alpha.1 <0.2.0 || >=0.2.0-rc.1 <0.2.0",
        "@deepseek-ai/dsh-tools": ">=0.1.7-alpha.1 <0.2.0 || >=0.2.0-rc.1 <0.2.0"
      }
    },
    "node_modules/@deepseek-ai/cordis": {
      "version": "4.0.4",
      "resolved": "https://registry.npmjs.org/@deepseek-ai/cordis/-/cordis-4.0.4.tgz",
      "integrity": "sha512-obgyxqWAmFn3Re8kvsuUnyW+ihrz6eJCnJO4fh1cQzDtmPYz/zzVeUkH9R94I0OwSVOocK67Kgakm04j/oQXzg==",
      "dev": true,
      "license": "MIT",
      "dependencies": {
        "@deepseek-ai/cosmokit": "~1.8.5",
        "@standard-schema/spec": "^1.1.0"
      },
      "bin": {
        "cordis": "bin.js"
      },
      "peerDependencies": {
        "@deepseek-ai/cordis-plugin-include": "~1.0.9",
        "@deepseek-ai/cordis-plugin-loader": "~1.0.5"
      },
      "peerDependenciesMeta": {
        "@deepseek-ai/cordis-plugin-include": {
          "optional": true
        },
        "@deepseek-ai/cordis-plugin-loader": {
          "optional": true
        }
      }
    },
    "node_modules/@deepseek-ai/cosmokit": {
      "version": "1.8.5",
      "resolved": "https://registry.npmjs.org/@deepseek-ai/cosmokit/-/cosmokit-1.8.5.tgz",
      "integrity": "sha512-LXsrlem9z8dq4sLflj2yuCuYX7KqhdzF5hZly3eZyuTo8d6oDSOXuEgC5DbQWKW+lksm6zmOutQLsP/ma6wR6A==",
      "dev": true,
      "license": "MIT"
    },
    "node_modules/@deepseek-ai/dsh-agent": {
      "version": "0.1.7-rc.2",
      "resolved": "https://registry.npmjs.org/@deepseek-ai/dsh-agent/-/dsh-agent-0.1.7-rc.2.tgz",
      "integrity": "sha512-9U/zHZvZqRR5S2FD9fjjAuoMh+WfDan+bE/cLBLSLpqftjZ0FhIlEBK99yonUkNkGemyHiH/lL3jCKYw35ahJA==",
      "dev": true,
      "license": "MIT",
      "peer": true,
      "peerDependencies": {
        "@deepseek-ai/cordis": "~4.0.4",
        "@deepseek-ai/dsh-invariants": "0.1.7-rc.2",
        "@deepseek-ai/dsh-llm": "0.1.7-rc.2",
        "@deepseek-ai/dsh-scope": "0.1.7-rc.2",
        "@deepseek-ai/dsh-session": "0.1.7-rc.2",
        "@deepseek-ai/dsh-session-projection": "0.1.7-rc.2",
        "@deepseek-ai/dsh-system-prompt": "0.1.7-rc.2",
        "@deepseek-ai/dsh-typert-protocol": "0.1.7-rc.2",
        "@deepseek-ai/dsh-util-values": "0.1.7-rc.2",
        "@deepseek-ai/dsh-workspace": "0.1.7-rc.2"
      },
      "peerDependenciesMeta": {
        "@deepseek-ai/dsh-workspace": {
          "optional": true
        }
      }
    },
    "node_modules/@deepseek-ai/dsh-attachment": {
      "version": "0.1.7-rc.2",
      "resolved": "https://registry.npmjs.org/@deepseek-ai/dsh-attachment/-/dsh-attachment-0.1.7-rc.2.tgz",
      "integrity": "sha512-g2SQ12Ki1l28T/H+fZKtSWDFF5Y1gavcKVBb2X4eOVX5uT5Jwumx+9Svelp1pHaknuAE1N2Yt9tMwj2quMkhDg==",
      "dev": true,
      "license": "MIT",
      "peer": true,
      "peerDependencies": {
        "@deepseek-ai/cordis": "~4.0.4",
        "@deepseek-ai/dsh-brand": "0.1.7-rc.2"
      }
    },
    "node_modules/@deepseek-ai/dsh-brand": {
      "version": "0.1.7-rc.2",
      "resolved": "https://registry.npmjs.org/@deepseek-ai/dsh-brand/-/dsh-brand-0.1.7-rc.2.tgz",
      "integrity": "sha512-cvcvlNRuiFqZNNqyxdu7wcpiBjd9xa/0MpuhRvee43zBp9uED2p5JolZr5/2EKJf57gYx9k9bedb+Zbyiqnpkw==",
      "dev": true,
      "license": "MIT",
      "peerDependencies": {
        "@deepseek-ai/cordis": "~4.0.4"
      }
    },
    "node_modules/@deepseek-ai/dsh-commands": {
      "version": "0.1.7-rc.2",
      "resolved": "https://registry.npmjs.org/@deepseek-ai/dsh-commands/-/dsh-commands-0.1.7-rc.2.tgz",
      "integrity": "sha512-wVAHwHNDLDNBKXJZU2rHnwc+e3mhi6EuazAfJmqtbzU/ldQVEoJ9f5eXqesBcdQbRIrWQlpjfjdlw3nCJfK2HQ==",
      "dev": true,
      "license": "MIT",
      "peer": true,
      "dependencies": {
        "@deepseek-ai/dsh-util-crypto": "0.1.7-rc.2",
        "zod": "^4.4.3"
      },
      "peerDependencies": {
        "@deepseek-ai/cordis": "~4.0.4",
        "@deepseek-ai/dsh-agent": "0.1.7-rc.2",
        "@deepseek-ai/dsh-attachment": "0.1.7-rc.2",
        "@deepseek-ai/dsh-brand": "0.1.7-rc.2",
        "@deepseek-ai/dsh-invariants": "0.1.7-rc.2",
        "@deepseek-ai/dsh-llm": "0.1.7-rc.2",
        "@deepseek-ai/dsh-scope": "0.1.7-rc.2",
        "@deepseek-ai/dsh-session": "0.1.7-rc.2",
        "@deepseek-ai/dsh-typert-protocol": "0.1.7-rc.2"
      }
    },
    "node_modules/@deepseek-ai/dsh-compaction": {
      "version": "0.1.7-rc.2",
      "resolved": "https://registry.npmjs.org/@deepseek-ai/dsh-compaction/-/dsh-compaction-0.1.7-rc.2.tgz",
      "integrity": "sha512-NOrFYDM6EdvO+UBioNcpiZ+Klv5v2xvOxLXDWKtA0rjKKW8IvW7Rui2hBnOpchsWe5So5vwBvu4lNjTdl5/2CA==",
      "dev": true,
      "license": "MIT",
      "peer": true,
      "peerDependencies": {
        "@deepseek-ai/cordis": "~4.0.4",
        "@deepseek-ai/dsh-brand": "0.1.7-rc.2",
        "@deepseek-ai/dsh-commands": "0.1.7-rc.2",
        "@deepseek-ai/dsh-invariants": "0.1.7-rc.2",
        "@deepseek-ai/dsh-llm": "0.1.7-rc.2",
        "@deepseek-ai/dsh-session": "0.1.7-rc.2"
      }
    },
    "node_modules/@deepseek-ai/dsh-compaction-image-offload": {
      "version": "0.1.7-rc.2",
      "resolved": "https://registry.npmjs.org/@deepseek-ai/dsh-compaction-image-offload/-/dsh-compaction-image-offload-0.1.7-rc.2.tgz",
      "integrity": "sha512-IraXZq6uR88RbJcxkK7vfDViIB4WCxm8Kf9s43VWoias9Tr//w0s8oHZWTfNuy8kVgpw4cBze6DeExZooMALrw==",
      "dev": true,
      "license": "MIT",
      "dependencies": {
        "@deepseek-ai/dsh-util-values": "0.1.7-rc.2"
      },
      "peerDependencies": {
        "@deepseek-ai/cordis": "~4.0.4",
        "@deepseek-ai/dsh-agent": "0.1.7-rc.2",
        "@deepseek-ai/dsh-compaction": "0.1.7-rc.2",
        "@deepseek-ai/dsh-llm": "0.1.7-rc.2",
        "@deepseek-ai/dsh-session": "0.1.7-rc.2"
      }
    },
    "node_modules/@deepseek-ai/dsh-invariants": {
      "version": "0.1.7-rc.2",
      "resolved": "https://registry.npmjs.org/@deepseek-ai/dsh-invariants/-/dsh-invariants-0.1.7-rc.2.tgz",
      "integrity": "sha512-GY2lY2TUUH2Qk1ZnrB3Q5+lXSh4webn1kbt5nQfhojVmNbist/f3dJC8JJa7XXOUNvqAgqRN9IZ4egbDZ9LLxQ==",
      "dev": true,
      "license": "MIT",
      "peer": true,
      "dependencies": {
        "@deepseek-ai/schemastery": "~3.18.4"
      },
      "peerDependencies": {
        "@deepseek-ai/cordis": "~4.0.4"
      }
    },
    "node_modules/@deepseek-ai/dsh-llm": {
      "version": "0.1.7-rc.2",
      "resolved": "https://registry.npmjs.org/@deepseek-ai/dsh-llm/-/dsh-llm-0.1.7-rc.2.tgz",
      "integrity": "sha512-hNT3ovFnbNDQ8g544bh2Q9ORX40aI6Y+jhjer1lETeHS4g0jTjqUUVfARCTA7uAFvHucSBg2rFgbisIktmJCxw==",
      "dev": true,
      "license": "MIT",
      "dependencies": {
        "@deepseek-ai/dsh-brand": "0.1.7-rc.2",
        "@deepseek-ai/dsh-timeout": "0.1.7-rc.2",
        "@deepseek-ai/dsh-typert-protocol": "0.1.7-rc.2",
        "@deepseek-ai/dsh-util-crypto": "0.1.7-rc.2",
        "@deepseek-ai/dsh-util-values": "0.1.7-rc.2",
        "@deepseek-ai/schemastery": "~3.18.4",
        "zod": "^4.4.3"
      },
      "peerDependencies": {
        "@deepseek-ai/cordis": "~4.0.4"
      }
    },
    "node_modules/@deepseek-ai/dsh-ptc-runtime": {
      "version": "0.1.7-rc.2",
      "resolved": "https://registry.npmjs.org/@deepseek-ai/dsh-ptc-runtime/-/dsh-ptc-runtime-0.1.7-rc.2.tgz",
      "integrity": "sha512-zRFwSSUgTpKuFQTVwnuNO4067Gyi//4C4RRLaUntXaHkZv3z1S07f1fTaYwX4+ubIIAuAVeEsczxf6tPgZ8P5g==",
      "dev": true,
      "license": "MIT",
      "peer": true,
      "peerDependencies": {
        "@deepseek-ai/cordis": "~4.0.4",
        "@deepseek-ai/dsh-sandbox": "0.1.7-rc.2"
      }
    },
    "node_modules/@deepseek-ai/dsh-sandbox": {
      "version": "0.1.7-rc.2",
      "resolved": "https://registry.npmjs.org/@deepseek-ai/dsh-sandbox/-/dsh-sandbox-0.1.7-rc.2.tgz",
      "integrity": "sha512-7aP893mtTvnuZfCKD6hUN5gYchi6Wogn4W3mg/rGMvogmhbWgrCs00boJx/eHK4KvVJmEW1e8kO5N+GtsesptA==",
      "dev": true,
      "license": "MIT",
      "peer": true,
      "dependencies": {
        "@deepseek-ai/dsh-util-values": "0.1.7-rc.2"
      },
      "peerDependencies": {
        "@deepseek-ai/cordis": "~4.0.4",
        "@deepseek-ai/dsh-llm": "0.1.7-rc.2",
        "@deepseek-ai/dsh-session": "0.1.7-rc.2"
      }
    },
    "node_modules/@deepseek-ai/dsh-sandbox-policy": {
      "version": "0.1.7-rc.2",
      "resolved": "https://registry.npmjs.org/@deepseek-ai/dsh-sandbox-policy/-/dsh-sandbox-policy-0.1.7-rc.2.tgz",
      "integrity": "sha512-pIhCaOEqYjNoKy/c7dYYgYzK+zp8/FxnEeaBA5e6fTmNROb+/qSFsC4hY3Qu+PVU9IdbH/4fa6TbT2jnqoDPQw==",
      "dev": true,
      "license": "MIT",
      "peer": true,
      "dependencies": {
        "@deepseek-ai/schemastery": "~3.18.4",
        "zod": "^4.4.3"
      },
      "peerDependencies": {
        "@deepseek-ai/cordis": "~4.0.4",
        "@deepseek-ai/dsh-agent": "0.1.7-rc.2",
        "@deepseek-ai/dsh-invariants": "0.1.7-rc.2",
        "@deepseek-ai/dsh-sandbox": "0.1.7-rc.2",
        "@deepseek-ai/dsh-session": "0.1.7-rc.2",
        "@deepseek-ai/dsh-session-projection": "0.1.7-rc.2",
        "@deepseek-ai/dsh-system-prompt": "0.1.7-rc.2"
      }
    },
    "node_modules/@deepseek-ai/dsh-scope": {
      "version": "0.1.7-rc.2",
      "resolved": "https://registry.npmjs.org/@deepseek-ai/dsh-scope/-/dsh-scope-0.1.7-rc.2.tgz",
      "integrity": "sha512-rk/OM5ej6/V8pCNczEqQ3BkKx3DuPeFGzNUsEZo8hF+tnkF/EhsxMWSXC/yP/uLKeNkSsVHzjFpaQR0qr0J3gQ==",
      "dev": true,
      "license": "MIT",
      "peerDependencies": {
        "@deepseek-ai/cordis": "~4.0.4",
        "@deepseek-ai/dsh-invariants": "0.1.7-rc.2"
      }
    },
    "node_modules/@deepseek-ai/dsh-session": {
      "version": "0.1.7-rc.2",
      "resolved": "https://registry.npmjs.org/@deepseek-ai/dsh-session/-/dsh-session-0.1.7-rc.2.tgz",
      "integrity": "sha512-0dXv1t4Zox/yHkZ4PfPNSBWJfIc72PDqOvjz43EMoHpbmoKTVpit2UpUI+yTtX01e4MVBbDMxBZ95oJW/Oydnw==",
      "dev": true,
      "license": "MIT",
      "dependencies": {
        "@deepseek-ai/dsh-brand": "0.1.7-rc.2",
        "@deepseek-ai/dsh-llm": "0.1.7-rc.2",
        "@deepseek-ai/dsh-util-values": "0.1.7-rc.2"
      },
      "peerDependencies": {
        "@deepseek-ai/cordis": "~4.0.4",
        "@deepseek-ai/dsh-scope": "0.1.7-rc.2"
      }
    },
    "node_modules/@deepseek-ai/dsh-session-format": {
      "version": "0.1.7-rc.2",
      "resolved": "https://registry.npmjs.org/@deepseek-ai/dsh-session-format/-/dsh-session-format-0.1.7-rc.2.tgz",
      "integrity": "sha512-ayk2VoX3r7m8U9rVc+F70qx76Eq3Mi3ToLySi29hDZPFLy8ujjSOO5LVCC1xmon8uukfcnScvElNPoP/mKTkBg==",
      "dev": true,
      "license": "MIT",
      "dependencies": {
        "@deepseek-ai/dsh-util-values": "0.1.7-rc.2"
      },
      "peerDependencies": {
        "@deepseek-ai/cordis": "~4.0.4"
      }
    },
    "node_modules/@deepseek-ai/dsh-session-format-catalog": {
      "version": "0.1.7-rc.2",
      "resolved": "https://registry.npmjs.org/@deepseek-ai/dsh-session-format-catalog/-/dsh-session-format-catalog-0.1.7-rc.2.tgz",
      "integrity": "sha512-PMwm6M713ZWMqV0NVRFGeP0eYoBBCe0n4l5k8g1sRI+e2wD5xVoTEn8ZduG0vxnrVrGneJRDPQjZ4TiMi/fgDw==",
      "dev": true,
      "license": "MIT",
      "dependencies": {
        "@deepseek-ai/dsh-compaction-image-offload": "0.1.7-rc.2",
        "@deepseek-ai/dsh-session-format": "0.1.7-rc.2",
        "@deepseek-ai/dsh-session-format-v0-to-v1": "0.1.7-rc.2",
        "@deepseek-ai/dsh-session-format-v1-to-v2": "0.1.7-rc.2",
        "@deepseek-ai/dsh-session-format-v2-to-v3": "0.1.7-rc.2",
        "@deepseek-ai/dsh-session-format-v3-to-v4": "0.1.7-rc.2"
      },
      "peerDependencies": {
        "@deepseek-ai/cordis": "~4.0.4",
        "@deepseek-ai/dsh-session": "0.1.7-rc.2"
      }
    },
    "node_modules/@deepseek-ai/dsh-session-format-v0-to-v1": {
      "version": "0.1.7-rc.2",
      "resolved": "https://registry.npmjs.org/@deepseek-ai/dsh-session-format-v0-to-v1/-/dsh-session-format-v0-to-v1-0.1.7-rc.2.tgz",
      "integrity": "sha512-2JjUnl5+00N8/eda1s47VXP8wEl0HFqLRKk3MgEcRb6PEH3NH3Mvxb6jmkF6EeH0mMLLvzYHbpfDazOhECkXRg==",
      "dev": true,
      "license": "MIT",
      "dependencies": {
        "@deepseek-ai/dsh-session-format": "0.1.7-rc.2",
        "@deepseek-ai/dsh-util-values": "0.1.7-rc.2"
      },
      "peerDependencies": {
        "@deepseek-ai/cordis": "~4.0.4"
      }
    },
    "node_modules/@deepseek-ai/dsh-session-format-v1-to-v2": {
      "version": "0.1.7-rc.2",
      "resolved": "https://registry.npmjs.org/@deepseek-ai/dsh-session-format-v1-to-v2/-/dsh-session-format-v1-to-v2-0.1.7-rc.2.tgz",
      "integrity": "sha512-a7Rsv7z2zeIyWpwRWkdtbi1T8r9zBGvbcoQVQEPpmpMFH9qu5hZmzYUGNFS1qRW5KW2cZoOU+qRxHwRoKI0dcQ==",
      "dev": true,
      "license": "MIT",
      "dependencies": {
        "@deepseek-ai/dsh-llm": "0.1.7-rc.2",
        "@deepseek-ai/dsh-session-format": "0.1.7-rc.2",
        "@deepseek-ai/dsh-session-format-v0-to-v1": "0.1.7-rc.2",
        "@deepseek-ai/dsh-util-values": "0.1.7-rc.2"
      },
      "peerDependencies": {
        "@deepseek-ai/cordis": "~4.0.4"
      }
    },
    "node_modules/@deepseek-ai/dsh-session-format-v2-to-v3": {
      "version": "0.1.7-rc.2",
      "resolved": "https://registry.npmjs.org/@deepseek-ai/dsh-session-format-v2-to-v3/-/dsh-session-format-v2-to-v3-0.1.7-rc.2.tgz",
      "integrity": "sha512-che+x4X57f4MPWYWjj3UkcDs4qU0sQspUvy0Ie8w+iMFPkH0C7f/629l6ubZXRFrGF/k6djbyLR/NYH7nArZaA==",
      "dev": true,
      "license": "MIT",
      "dependencies": {
        "@deepseek-ai/dsh-session-format": "0.1.7-rc.2",
        "@deepseek-ai/dsh-session-format-v0-to-v1": "0.1.7-rc.2",
        "@deepseek-ai/dsh-session-format-v1-to-v2": "0.1.7-rc.2"
      },
      "peerDependencies": {
        "@deepseek-ai/cordis": "~4.0.4"
      }
    },
    "node_modules/@deepseek-ai/dsh-session-format-v3-to-v4": {
      "version": "0.1.7-rc.2",
      "resolved": "https://registry.npmjs.org/@deepseek-ai/dsh-session-format-v3-to-v4/-/dsh-session-format-v3-to-v4-0.1.7-rc.2.tgz",
      "integrity": "sha512-PpGsFntVbc6HEnIlTRMluk55YPAFGmbz7SSyYMXDaz7N+jzWTa54AuMg9gUthHxPwZyj7KF2QtJAJnSQ2+GPGw==",
      "dev": true,
      "license": "MIT",
      "dependencies": {
        "@deepseek-ai/dsh-session-format": "0.1.7-rc.2",
        "@deepseek-ai/dsh-session-format-v2-to-v3": "0.1.7-rc.2"
      },
      "peerDependencies": {
        "@deepseek-ai/cordis": "~4.0.4"
      }
    },
    "node_modules/@deepseek-ai/dsh-session-persistence": {
      "version": "0.1.7-rc.2",
      "resolved": "https://registry.npmjs.org/@deepseek-ai/dsh-session-persistence/-/dsh-session-persistence-0.1.7-rc.2.tgz",
      "integrity": "sha512-xZXMo8hYMnh96UyxpkmDqvfxpmVNWbTlXqSuJray7S2kW8AkugKDc+FMy2+/znoBHhZsi+2/uKJRPj6dwDBIsg==",
      "dev": true,
      "license": "MIT",
      "dependencies": {
        "@deepseek-ai/dsh-util-values": "0.1.7-rc.2"
      },
      "peerDependencies": {
        "@deepseek-ai/cordis": "~4.0.4",
        "@deepseek-ai/dsh-brand": "0.1.7-rc.2",
        "@deepseek-ai/dsh-session": "0.1.7-rc.2",
        "@deepseek-ai/dsh-timeout": "0.1.7-rc.2"
      }
    },
    "node_modules/@deepseek-ai/dsh-session-persistence-jsonl": {
      "version": "0.1.7-rc.2",
      "resolved": "https://registry.npmjs.org/@deepseek-ai/dsh-session-persistence-jsonl/-/dsh-session-persistence-jsonl-0.1.7-rc.2.tgz",
      "integrity": "sha512-Dymapt+M11rJKQgsisfod2LSf0HvyUN/8QTv+g3BAXlRh5YFXvRcSVsY3XWj5NnUs3tlbU2aauBE7OXbMSP4vQ==",
      "dev": true,
      "license": "MIT",
      "dependencies": {
        "@deepseek-ai/dsh-llm": "0.1.7-rc.2",
        "@deepseek-ai/dsh-session-format": "0.1.7-rc.2",
        "@deepseek-ai/dsh-session-format-catalog": "0.1.7-rc.2",
        "@deepseek-ai/dsh-session-format-v3-to-v4": "0.1.7-rc.2",
        "@deepseek-ai/node-addon-system": "~0.1.2",
        "@deepseek-ai/schemastery": "~3.18.4",
        "koffi": "^3.1.0"
      },
      "peerDependencies": {
        "@deepseek-ai/cordis": "~4.0.4",
        "@deepseek-ai/dsh-session": "0.1.7-rc.2",
        "@deepseek-ai/dsh-session-persistence": "0.1.7-rc.2"
      }
    },
    "node_modules/@deepseek-ai/dsh-session-projection": {
      "version": "0.1.7-rc.2",
      "resolved": "https://registry.npmjs.org/@deepseek-ai/dsh-session-projection/-/dsh-session-projection-0.1.7-rc.2.tgz",
      "integrity": "sha512-s5T8oHBEh+GeOTJ+wehD4CGZkTiWgczZZA+NDbfbqUO0k5L+dk0kk3fN+/srAg77rhR7UeeDSR8ZNcpYx/VUdw==",
      "dev": true,
      "license": "MIT",
      "peer": true,
      "dependencies": {
        "zod": "^4.4.3"
      },
      "peerDependencies": {
        "@deepseek-ai/cordis": "~4.0.4",
        "@deepseek-ai/dsh-session": "0.1.7-rc.2"
      }
    },
    "node_modules/@deepseek-ai/dsh-system-prompt": {
      "version": "0.1.7-rc.2",
      "resolved": "https://registry.npmjs.org/@deepseek-ai/dsh-system-prompt/-/dsh-system-prompt-0.1.7-rc.2.tgz",
      "integrity": "sha512-vxKcADh7XOuWJOfa0WeEOhvFiUbMOdoK4w6M7KVCI0S99c9ktxrgY4wKdmAxap+nQjwTEPme3QuOlY3Na+cz9w==",
      "dev": true,
      "license": "MIT",
      "dependencies": {
        "@deepseek-ai/schemastery": "~3.18.4"
      },
      "peerDependencies": {
        "@deepseek-ai/cordis": "~4.0.4",
        "@deepseek-ai/dsh-invariants": "0.1.7-rc.2",
        "@deepseek-ai/dsh-llm": "0.1.7-rc.2",
        "@deepseek-ai/dsh-scope": "0.1.7-rc.2"
      }
    },
    "node_modules/@deepseek-ai/dsh-timeout": {
      "version": "0.1.7-rc.2",
      "resolved": "https://registry.npmjs.org/@deepseek-ai/dsh-timeout/-/dsh-timeout-0.1.7-rc.2.tgz",
      "integrity": "sha512-YunLoLZSF8Ld9eYwyvKoBnxgy3GZrIQpw98HfFS15ZfZlqcFiZcchFhYmStLtUbtX+gjhoeXc8Xz913YbVifNA==",
      "dev": true,
      "license": "MIT",
      "peerDependencies": {
        "@deepseek-ai/cordis": "~4.0.4"
      }
    },
    "node_modules/@deepseek-ai/dsh-tools": {
      "version": "0.1.7-rc.2",
      "resolved": "https://registry.npmjs.org/@deepseek-ai/dsh-tools/-/dsh-tools-0.1.7-rc.2.tgz",
      "integrity": "sha512-c3dTdKnslKxVTgjjPLwMKLqGUMwnZH5P8RUsucMQlWn2GViyFW/+5AIUuZHBjjE6Y7NAYl+lVVE/R4LgTp5KWA==",
      "dev": true,
      "license": "MIT",
      "dependencies": {
        "@deepseek-ai/dsh-brand": "0.1.7-rc.2",
        "@deepseek-ai/dsh-util-values": "0.1.7-rc.2",
        "@deepseek-ai/schemastery": "~3.18.4"
      },
      "peerDependencies": {
        "@deepseek-ai/cordis": "~4.0.4",
        "@deepseek-ai/dsh-agent": "0.1.7-rc.2",
        "@deepseek-ai/dsh-invariants": "0.1.7-rc.2",
        "@deepseek-ai/dsh-llm": "0.1.7-rc.2",
        "@deepseek-ai/dsh-ptc-runtime": "0.1.7-rc.2",
        "@deepseek-ai/dsh-sandbox": "0.1.7-rc.2",
        "@deepseek-ai/dsh-sandbox-policy": "0.1.7-rc.2",
        "@deepseek-ai/dsh-scope": "0.1.7-rc.2",
        "@deepseek-ai/dsh-session": "0.1.7-rc.2",
        "@deepseek-ai/dsh-system-prompt": "0.1.7-rc.2",
        "@deepseek-ai/dsh-user-approval": "0.1.7-rc.2"
      }
    },
    "node_modules/@deepseek-ai/dsh-typert-protocol": {
      "version": "0.1.7-rc.2",
      "resolved": "https://registry.npmjs.org/@deepseek-ai/dsh-typert-protocol/-/dsh-typert-protocol-0.1.7-rc.2.tgz",
      "integrity": "sha512-oJm03zqMQlvt16Ejw7VWy3/gqlJGrBCZj3Z4KL8ydLJeeTToKIR49WVCxMbJTlH0F9QFljruLtHguA5B99AeUQ==",
      "dev": true,
      "license": "MIT",
      "dependencies": {
        "@deepseek-ai/dsh-brand": "0.1.7-rc.2"
      },
      "peerDependencies": {
        "@deepseek-ai/cordis": "~4.0.4"
      }
    },
    "node_modules/@deepseek-ai/dsh-user-approval": {
      "version": "0.1.7-rc.2",
      "resolved": "https://registry.npmjs.org/@deepseek-ai/dsh-user-approval/-/dsh-user-approval-0.1.7-rc.2.tgz",
      "integrity": "sha512-RQ6GB+C4G6VY/eJrFfS89+89DfHFAJ5G1abhmutfKBhZcYSnGNZyPIzpr5mKbl2xNMIhvCJOb9WiFz2fUPW2HA==",
      "dev": true,
      "license": "MIT",
      "peer": true,
      "dependencies": {
        "@deepseek-ai/schemastery": "~3.18.4"
      },
      "peerDependencies": {
        "@deepseek-ai/cordis": "~4.0.4",
        "@deepseek-ai/dsh-agent": "0.1.7-rc.2",
        "@deepseek-ai/dsh-brand": "0.1.7-rc.2",
        "@deepseek-ai/dsh-invariants": "0.1.7-rc.2",
        "@deepseek-ai/dsh-llm": "0.1.7-rc.2",
        "@deepseek-ai/dsh-scope": "0.1.7-rc.2",
        "@deepseek-ai/dsh-session": "0.1.7-rc.2",
        "@deepseek-ai/dsh-system-prompt": "0.1.7-rc.2"
      }
    },
    "node_modules/@deepseek-ai/dsh-util-crypto": {
      "version": "0.1.7-rc.2",
      "resolved": "https://registry.npmjs.org/@deepseek-ai/dsh-util-crypto/-/dsh-util-crypto-0.1.7-rc.2.tgz",
      "integrity": "sha512-BGc55/bSj/1LcDTQ5fpok4U24X9SFyN+TB23/hBlbe2TBUKVuwO8+X5FFKKje2MLO8PWYEDkXv/LrV6jRVKZEg==",
      "dev": true,
      "license": "MIT",
      "peerDependencies": {
        "@deepseek-ai/cordis": "~4.0.4"
      }
    },
    "node_modules/@deepseek-ai/dsh-util-values": {
      "version": "0.1.7-rc.2",
      "resolved": "https://registry.npmjs.org/@deepseek-ai/dsh-util-values/-/dsh-util-values-0.1.7-rc.2.tgz",
      "integrity": "sha512-UX8nh5SbtZcPVVEvjd+9PCPcbybA6OpVzJGgFxYn59ao/7QQGyYbByS8KXr+THU5JtqmDDVb9xGUSJaF2IYmeQ==",
      "dev": true,
      "license": "MIT",
      "peerDependencies": {
        "@deepseek-ai/cordis": "~4.0.4"
      }
    },
    "node_modules/@deepseek-ai/node-addon-system": {
      "version": "0.1.2",
      "resolved": "https://registry.npmjs.org/@deepseek-ai/node-addon-system/-/node-addon-system-0.1.2.tgz",
      "integrity": "sha512-EFn8K+mXIXiw6s3rxX+cgp2hZTEAQdVIsURhrXnBxycSXvtQ1EQpsSVzoNKtKAQI0I0VqkEcVEjHzS/PeaGsvw==",
      "dev": true,
      "license": "BSD-3-Clause",
      "engines": {
        "node": ">=20"
      },
      "optionalDependencies": {
        "@deepseek-ai/node-addon-system-darwin-arm64": "0.1.2",
        "@deepseek-ai/node-addon-system-darwin-x64": "0.1.2",
        "@deepseek-ai/node-addon-system-linux-arm64": "0.1.2",
        "@deepseek-ai/node-addon-system-linux-x64": "0.1.2"
      }
    },
    "node_modules/@deepseek-ai/node-addon-system-darwin-arm64": {
      "version": "0.1.2",
      "resolved": "https://registry.npmjs.org/@deepseek-ai/node-addon-system-darwin-arm64/-/node-addon-system-darwin-arm64-0.1.2.tgz",
      "integrity": "sha512-IR0cx8um19mLCZaJ+H5PLblKr6Eg3PWvVo8eTQBr/SwH2nh5tM9CD9/5fHweNS9Pjt15UdFlGqnvLSd/w+O6Rw==",
      "cpu": [
        "arm64"
      ],
      "dev": true,
      "license": "BSD-3-Clause",
      "optional": true,
      "os": [
        "darwin"
      ],
      "engines": {
        "node": ">=20"
      }
    },
    "node_modules/@deepseek-ai/node-addon-system-darwin-x64": {
      "version": "0.1.2",
      "resolved": "https://registry.npmjs.org/@deepseek-ai/node-addon-system-darwin-x64/-/node-addon-system-darwin-x64-0.1.2.tgz",
      "integrity": "sha512-XDbmquNapk9aT28y4EKn9lbONVr9YNs1NM/GKH1Gi5gUhjOT9wgRaTv72FJdNaVIInbPAYbPoyn7/y+MzQMNNg==",
      "cpu": [
        "x64"
      ],
      "dev": true,
      "license": "BSD-3-Clause",
      "optional": true,
      "os": [
        "darwin"
      ],
      "engines": {
        "node": ">=20"
      }
    },
    "node_modules/@deepseek-ai/node-addon-system-linux-arm64": {
      "version": "0.1.2",
      "resolved": "https://registry.npmjs.org/@deepseek-ai/node-addon-system-linux-arm64/-/node-addon-system-linux-arm64-0.1.2.tgz",
      "integrity": "sha512-Z/DQtqgEYzjBzb2ocHGjMzx51W7xDILkJKKj89nyErr8gZMNiLs+JNL1uKzJqc3VLZB+vYCPaHGyQ3oX6EzEmA==",
      "cpu": [
        "arm64"
      ],
      "dev": true,
      "license": "BSD-3-Clause",
      "optional": true,
      "os": [
        "linux"
      ],
      "engines": {
        "node": ">=20"
      }
    },
    "node_modules/@deepseek-ai/node-addon-system-linux-x64": {
      "version": "0.1.2",
      "resolved": "https://registry.npmjs.org/@deepseek-ai/node-addon-system-linux-x64/-/node-addon-system-linux-x64-0.1.2.tgz",
      "integrity": "sha512-S2aPVHvYCpNCppCFyNlooMYuTB7ucK5lvD9oXQQ42v5Z2s5AoaiCdjz9r2l+ED2rI5oS1x0cUZmKjJH2dxV0pg==",
      "cpu": [
        "x64"
      ],
      "dev": true,
      "license": "BSD-3-Clause",
      "optional": true,
      "os": [
        "linux"
      ],
      "engines": {
        "node": ">=20"
      }
    },
    "node_modules/@deepseek-ai/schemastery": {
      "version": "3.18.4",
      "resolved": "https://registry.npmjs.org/@deepseek-ai/schemastery/-/schemastery-3.18.4.tgz",
      "integrity": "sha512-SSXO6tYuyrIqKVbmOnIq0s+riUywYzouFMcnBluHF9n4KMo2G8HvEzhCYj6pj2617/glOjbJuVInJ9hfONsjkg==",
      "dev": true,
      "license": "MIT",
      "dependencies": {
        "@deepseek-ai/cosmokit": "~1.8.5",
        "@standard-schema/spec": "^1.1.0"
      }
    },
    "node_modules/@koromix/koffi-android-arm64": {
      "version": "3.3.2",
      "resolved": "https://registry.npmjs.org/@koromix/koffi-android-arm64/-/koffi-android-arm64-3.3.2.tgz",
      "integrity": "sha512-6mFtwFJCy1skaf/qzl82OtELmT2BwHXbephfrIFqKoxIghc7N+kiW33J3ZNRP8JhBYFI6xJ8jiatGwPJ7mCOMw==",
      "cpu": [
        "arm64"
      ],
      "dev": true,
      "license": "MIT",
      "optional": true,
      "os": [
        "android"
      ],
      "funding": {
        "url": "https://liberapay.com/Koromix"
      }
    },
    "node_modules/@koromix/koffi-android-x64": {
      "version": "3.3.2",
      "resolved": "https://registry.npmjs.org/@koromix/koffi-android-x64/-/koffi-android-x64-3.3.2.tgz",
      "integrity": "sha512-wzIWXvldodHWST6KZBdjJlpdH0DJ2rIN5YppY+/T+mTR1DcRYdYhOXzZMGDDx9W3ao8Hry8G4GqVzK9IuYpuWA==",
      "cpu": [
        "x64"
      ],
      "dev": true,
      "license": "MIT",
      "optional": true,
      "os": [
        "android"
      ],
      "funding": {
        "url": "https://liberapay.com/Koromix"
      }
    },
    "node_modules/@koromix/koffi-darwin-arm64": {
      "version": "3.3.2",
      "resolved": "https://registry.npmjs.org/@koromix/koffi-darwin-arm64/-/koffi-darwin-arm64-3.3.2.tgz",
      "integrity": "sha512-gQKOkA/4tkOxXP3hdau2MrvVvTYlKQiXd86hK+B2FKErV0QcwqrWt6DWZ3FtJUYGB1scenT0srS9VfsWmbgeMQ==",
      "cpu": [
        "arm64"
      ],
      "dev": true,
      "license": "MIT",
      "optional": true,
      "os": [
        "darwin"
      ],
      "funding": {
        "url": "https://liberapay.com/Koromix"
      }
    },
    "node_modules/@koromix/koffi-darwin-x64": {
      "version": "3.3.2",
      "resolved": "https://registry.npmjs.org/@koromix/koffi-darwin-x64/-/koffi-darwin-x64-3.3.2.tgz",
      "integrity": "sha512-qxysFokAwiMLiWYYVhooWZHSV3REKJErsUjnX9IeG2rAVpWNkdcXUiQ2GMdfH3hZ0f2fuv0fTuv293/tYu1yew==",
      "cpu": [
        "x64"
      ],
      "dev": true,
      "license": "MIT",
      "optional": true,
      "os": [
        "darwin"
      ],
      "funding": {
        "url": "https://liberapay.com/Koromix"
      }
    },
    "node_modules/@koromix/koffi-freebsd-arm64": {
      "version": "3.3.2",
      "resolved": "https://registry.npmjs.org/@koromix/koffi-freebsd-arm64/-/koffi-freebsd-arm64-3.3.2.tgz",
      "integrity": "sha512-EinnZVzK3KVTQe0N+XXnUfUN2fwNiYEY5IuAcMqtJO4rbOR+8S+C+bbViUKwqmkLG8OvL/kBesuwGLn5DLNZCQ==",
      "cpu": [
        "arm64"
      ],
      "dev": true,
      "license": "MIT",
      "optional": true,
      "os": [
        "freebsd"
      ],
      "funding": {
        "url": "https://liberapay.com/Koromix"
      }
    },
    "node_modules/@koromix/koffi-freebsd-ia32": {
      "version": "3.3.2",
      "resolved": "https://registry.npmjs.org/@koromix/koffi-freebsd-ia32/-/koffi-freebsd-ia32-3.3.2.tgz",
      "integrity": "sha512-gnJFMVbxeyY4dSQbw0p3smSyFGDrp8QzI5krF73QxP7GSIMHR2lplejZseNQGyHIeR3XDdxuJFsfAfXmZdQM3w==",
      "cpu": [
        "ia32"
      ],
      "dev": true,
      "license": "MIT",
      "optional": true,
      "os": [
        "freebsd"
      ],
      "funding": {
        "url": "https://liberapay.com/Koromix"
      }
    },
    "node_modules/@koromix/koffi-freebsd-x64": {
      "version": "3.3.2",
      "resolved": "https://registry.npmjs.org/@koromix/koffi-freebsd-x64/-/koffi-freebsd-x64-3.3.2.tgz",
      "integrity": "sha512-56mIFadXceWImQbsO0fN1hoZ76LCIvAjouL4fntoA7IKDI64BFbLSkcJ7Roww31YwxKjJaA9vdk93qt7bXXJZw==",
      "cpu": [
        "x64"
      ],
      "dev": true,
      "license": "MIT",
      "optional": true,
      "os": [
        "freebsd"
      ],
      "funding": {
        "url": "https://liberapay.com/Koromix"
      }
    },
    "node_modules/@koromix/koffi-linux-arm": {
      "version": "3.3.2",
      "resolved": "https://registry.npmjs.org/@koromix/koffi-linux-arm/-/koffi-linux-arm-3.3.2.tgz",
      "integrity": "sha512-NhvFzykswakToxAWVhpHf5qA/y8z755MAz4MU1m89yIL1lqUuJDSk6Fy/moD3YIQPOjjuHVf09wO7mlO5ukCbw==",
      "cpu": [
        "arm"
      ],
      "dev": true,
      "license": "MIT",
      "optional": true,
      "os": [
        "linux"
      ],
      "funding": {
        "url": "https://liberapay.com/Koromix"
      }
    },
    "node_modules/@koromix/koffi-linux-arm64": {
      "version": "3.3.2",
      "resolved": "https://registry.npmjs.org/@koromix/koffi-linux-arm64/-/koffi-linux-arm64-3.3.2.tgz",
      "integrity": "sha512-adabETUHezNDJ6jpqpJV01oJRW8rI4KWH3xV6EpFlIAXCtj6l4aLCbJ6DbGH8fNmsJBLnWiuLkyoNm8zkVotCw==",
      "cpu": [
        "arm64"
      ],
      "dev": true,
      "license": "MIT",
      "optional": true,
      "os": [
        "linux"
      ],
      "funding": {
        "url": "https://liberapay.com/Koromix"
      }
    },
    "node_modules/@koromix/koffi-linux-ia32": {
      "version": "3.3.2",
      "resolved": "https://registry.npmjs.org/@koromix/koffi-linux-ia32/-/koffi-linux-ia32-3.3.2.tgz",
      "integrity": "sha512-IMJAp4dg+l1N5Yek43NpDHDVaJFRkMaBnAg9uI3Z1vk61+WxxtaugOl0lC6gDPLBeNE+lzSXcAEeKBIkTwDzdw==",
      "cpu": [
        "ia32"
      ],
      "dev": true,
      "license": "MIT",
      "optional": true,
      "os": [
        "linux"
      ],
      "funding": {
        "url": "https://liberapay.com/Koromix"
      }
    },
    "node_modules/@koromix/koffi-linux-loong64": {
      "version": "3.3.2",
      "resolved": "https://registry.npmjs.org/@koromix/koffi-linux-loong64/-/koffi-linux-loong64-3.3.2.tgz",
      "integrity": "sha512-Sdf+iQ5Fo3Px6e8xFx7eTES+cAIiHxCLt9KDVmnHm0ls6fW2eTVu5ez1+3GUBb/gjLTMODX2U4+dP9LHagwHHg==",
      "cpu": [
        "loong64"
      ],
      "dev": true,
      "license": "MIT",
      "optional": true,
      "os": [
        "linux"
      ],
      "funding": {
        "url": "https://liberapay.com/Koromix"
      }
    },
    "node_modules/@koromix/koffi-linux-ppc64": {
      "version": "3.3.2",
      "resolved": "https://registry.npmjs.org/@koromix/koffi-linux-ppc64/-/koffi-linux-ppc64-3.3.2.tgz",
      "integrity": "sha512-FVHtjljl9vUvT6dSsAE1ObOqmPeJXzS8Ez7cidlsI/rJ5pa7h50KQutU/jPfTaK1cqChRjI66hwnJseLG8VPTA==",
      "cpu": [
        "ppc64"
      ],
      "dev": true,
      "license": "MIT",
      "optional": true,
      "os": [
        "linux"
      ],
      "funding": {
        "url": "https://liberapay.com/Koromix"
      }
    },
    "node_modules/@koromix/koffi-linux-riscv64": {
      "version": "3.3.2",
      "resolved": "https://registry.npmjs.org/@koromix/koffi-linux-riscv64/-/koffi-linux-riscv64-3.3.2.tgz",
      "integrity": "sha512-4Q3haXJ3oP5AJ0vlyd9HZsI7gS+s+fycqz1CDDrT6JftlSruIUbfr8be1/jetUlmh7Pd8HtQBM6x2gpQBNTttQ==",
      "cpu": [
        "riscv64"
      ],
      "dev": true,
      "license": "MIT",
      "optional": true,
      "os": [
        "linux"
      ],
      "funding": {
        "url": "https://liberapay.com/Koromix"
      }
    },
    "node_modules/@koromix/koffi-linux-x64": {
      "version": "3.3.2",
      "resolved": "https://registry.npmjs.org/@koromix/koffi-linux-x64/-/koffi-linux-x64-3.3.2.tgz",
      "integrity": "sha512-78qO1oqd9GYfzcKOxIaRiN0KgvzQzgbPfdClf0/jErlWYdxnr8gB4i9KOFvsYMdnc7kTIa/wnubl1lPCiQnqvA==",
      "cpu": [
        "x64"
      ],
      "dev": true,
      "license": "MIT",
      "optional": true,
      "os": [
        "linux"
      ],
      "funding": {
        "url": "https://liberapay.com/Koromix"
      }
    },
    "node_modules/@koromix/koffi-openbsd-arm64": {
      "version": "3.3.2",
      "resolved": "https://registry.npmjs.org/@koromix/koffi-openbsd-arm64/-/koffi-openbsd-arm64-3.3.2.tgz",
      "integrity": "sha512-rB6HZ/RnEAu7CZoD8IMXonCJSD6WJIX8QfZ11RCOy9MXxA8wQR5CRnP3ffy4/8IbABorRoERLLFTFk5wFFZqCw==",
      "cpu": [
        "arm64"
      ],
      "dev": true,
      "license": "MIT",
      "optional": true,
      "os": [
        "openbsd"
      ],
      "funding": {
        "url": "https://liberapay.com/Koromix"
      }
    },
    "node_modules/@koromix/koffi-openbsd-ia32": {
      "version": "3.3.2",
      "resolved": "https://registry.npmjs.org/@koromix/koffi-openbsd-ia32/-/koffi-openbsd-ia32-3.3.2.tgz",
      "integrity": "sha512-XmzyeUEsCc8f6n26684mzn73I5VdDBxFydm8JxwYCmvrzfkSkDPU7eQyRoxHDRwgveIK/plmRiMUIj3/7J1flw==",
      "cpu": [
        "ia32"
      ],
      "dev": true,
      "license": "MIT",
      "optional": true,
      "os": [
        "openbsd"
      ],
      "funding": {
        "url": "https://liberapay.com/Koromix"
      }
    },
    "node_modules/@koromix/koffi-openbsd-x64": {
      "version": "3.3.2",
      "resolved": "https://registry.npmjs.org/@koromix/koffi-openbsd-x64/-/koffi-openbsd-x64-3.3.2.tgz",
      "integrity": "sha512-Bt+beMlH6yK4X21+y7lgk+lthjBODfwJjREFITVQH68v8rHWZ5UxV7FBInHZ7ZT0o07G/fgIr2l1DG6SpaTbEA==",
      "cpu": [
        "x64"
      ],
      "dev": true,
      "license": "MIT",
      "optional": true,
      "os": [
        "openbsd"
      ],
      "funding": {
        "url": "https://liberapay.com/Koromix"
      }
    },
    "node_modules/@koromix/koffi-win32-arm64": {
      "version": "3.3.2",
      "resolved": "https://registry.npmjs.org/@koromix/koffi-win32-arm64/-/koffi-win32-arm64-3.3.2.tgz",
      "integrity": "sha512-+fLooyTbldECuFH54h1ags7BAOB4fmqnshyVkXr+HbJBhgHdHoIbZ+CcaoH1ELVth7L7G+5XNwbXDH1TOyQMvA==",
      "cpu": [
        "arm64"
      ],
      "dev": true,
      "license": "MIT",
      "optional": true,
      "os": [
        "win32"
      ],
      "funding": {
        "url": "https://liberapay.com/Koromix"
      }
    },
    "node_modules/@koromix/koffi-win32-ia32": {
      "version": "3.3.2",
      "resolved": "https://registry.npmjs.org/@koromix/koffi-win32-ia32/-/koffi-win32-ia32-3.3.2.tgz",
      "integrity": "sha512-knegFlqbXsYfWcbIsAHMrKHqVbLctqzYD9xW3+GfO1Dyt+xe1xY8YDiadjRaWtKkLz5uF1aJD886EfBZUhECLA==",
      "cpu": [
        "ia32"
      ],
      "dev": true,
      "license": "MIT",
      "optional": true,
      "os": [
        "win32"
      ],
      "funding": {
        "url": "https://liberapay.com/Koromix"
      }
    },
    "node_modules/@koromix/koffi-win32-x64": {
      "version": "3.3.2",
      "resolved": "https://registry.npmjs.org/@koromix/koffi-win32-x64/-/koffi-win32-x64-3.3.2.tgz",
      "integrity": "sha512-OWc6s6gziEabkQj+xc+ZNaf5g69hc/DQJLBcmbhxJAifAdXDgj9vB5d8hcjS2mTHjBeAIqQ4nkd9d/Jc7OUuHw==",
      "cpu": [
        "x64"
      ],
      "dev": true,
      "license": "MIT",
      "optional": true,
      "os": [
        "win32"
      ],
      "funding": {
        "url": "https://liberapay.com/Koromix"
      }
    },
    "node_modules/@standard-schema/spec": {
      "version": "1.1.0",
      "resolved": "https://registry.npmjs.org/@standard-schema/spec/-/spec-1.1.0.tgz",
      "integrity": "sha512-l2aFy5jALhniG5HgqrD6jXLi/rUWrKvqN/qJx6yoJsgKhblVd+iqqU4RCXavm/jPityDo5TCvKMnpjKnOriy0w==",
      "dev": true,
      "license": "MIT"
    },
    "node_modules/@types/node": {
      "version": "24.19.0",
      "resolved": "https://registry.npmjs.org/@types/node/-/node-24.19.0.tgz",
      "integrity": "sha512-zY+5tKxXdhGh1PYI0ac+7juvEu4OI6vWtVVoj5i2m42jxAY1U+zHGt6QCyOFwykdP62sM3MJ9stoYYUw5aCWew==",
      "dev": true,
      "license": "MIT",
      "dependencies": {
        "undici-types": ">=7.24.0 <7.24.7"
      }
    },
    "node_modules/koffi": {
      "version": "3.3.2",
      "resolved": "https://registry.npmjs.org/koffi/-/koffi-3.3.2.tgz",
      "integrity": "sha512-f9Rrcmpy7lQs0ayJfhaxiG5OLp1aZjXKOFLXo7Gax6snJRKmdpYnYEOkpQ7ImCBrbvOdzFT06EP+FaLZv35W7Q==",
      "dev": true,
      "hasInstallScript": true,
      "license": "MIT",
      "funding": {
        "url": "https://liberapay.com/Koromix"
      },
      "optionalDependencies": {
        "@koromix/koffi-android-arm64": "3.3.2",
        "@koromix/koffi-android-x64": "3.3.2",
        "@koromix/koffi-darwin-arm64": "3.3.2",
        "@koromix/koffi-darwin-x64": "3.3.2",
        "@koromix/koffi-freebsd-arm64": "3.3.2",
        "@koromix/koffi-freebsd-ia32": "3.3.2",
        "@koromix/koffi-freebsd-x64": "3.3.2",
        "@koromix/koffi-linux-arm": "3.3.2",
        "@koromix/koffi-linux-arm64": "3.3.2",
        "@koromix/koffi-linux-ia32": "3.3.2",
        "@koromix/koffi-linux-loong64": "3.3.2",
        "@koromix/koffi-linux-ppc64": "3.3.2",
        "@koromix/koffi-linux-riscv64": "3.3.2",
        "@koromix/koffi-linux-x64": "3.3.2",
        "@koromix/koffi-openbsd-arm64": "3.3.2",
        "@koromix/koffi-openbsd-ia32": "3.3.2",
        "@koromix/koffi-openbsd-x64": "3.3.2",
        "@koromix/koffi-win32-arm64": "3.3.2",
        "@koromix/koffi-win32-ia32": "3.3.2",
        "@koromix/koffi-win32-x64": "3.3.2"
      }
    },
    "node_modules/semver": {
      "version": "7.8.5",
      "resolved": "https://registry.npmjs.org/semver/-/semver-7.8.5.tgz",
      "integrity": "sha512-Y7/KDsb8LjooZpwaqGyulO6DQlksgCncchHGk+sZIY4SBvUocMBEFH5Ur1fI4dV+Jvl0w6cjvucaIi40puRioA==",
      "dev": true,
      "license": "ISC",
      "bin": {
        "semver": "bin/semver.js"
      },
      "engines": {
        "node": ">=10"
      }
    },
    "node_modules/typescript": {
      "version": "5.9.3",
      "resolved": "https://registry.npmjs.org/typescript/-/typescript-5.9.3.tgz",
      "integrity": "sha512-jl1vZzPDinLr9eUt3J/t7V6FgNEw9QjvBPdysz9KfQDD41fQrC2Y4vKQdiaUpFT4bXlb1RHhLpp8wtm6M5TgSw==",
      "dev": true,
      "license": "Apache-2.0",
      "bin": {
        "tsc": "bin/tsc",
        "tsserver": "bin/tsserver"
      },
      "engines": {
        "node": ">=14.17"
      }
    },
    "node_modules/undici-types": {
      "version": "7.24.6",
      "resolved": "https://registry.npmjs.org/undici-types/-/undici-types-7.24.6.tgz",
      "integrity": "sha512-WRNW+sJgj5OBN4/0JpHFqtqzhpbnV0GuB+OozA9gCL7a993SmU+1JBZCzLNxYsbMfIeDL+lTsphD5jN5N+n0zg==",
      "dev": true,
      "license": "MIT"
    },
    "node_modules/zod": {
      "version": "4.6.5",
      "resolved": "https://registry.npmjs.org/zod/-/zod-4.6.5.tgz",
      "integrity": "sha512-v5l/aFXZQeai4awLbOpSoHecE9UiMrnfx75tEXLjNonXVARxQ5mOeipTjROUchszUNCqnE+hqAMujRsRHsut2Q==",
      "dev": true,
      "license": "MIT",
      "funding": {
        "url": "https://github.com/sponsors/colinhacks"
      }
    }
  }
}
